
Microsoft Visual Studio Solution File, Format Version 12.00
# Visual Studio Version 17
VisualStudioVersion = 17.7.34031.279
MinimumVisualStudioVersion = 10.0.40219.1
Project("{9A19103F-16F7-4668-BE54-9A1E7A4F7556}") = "ConsoleApp", "ConsoleApp\ConsoleApp.csproj", "{8493F3EA-F069-4F3B-BD4F-15EAD4E63299}"
EndProject
Project("{FAE04EC0-301F-11D3-BF4B-00C04F79EFBC}") = "ConsoleAppFramework", "ConsoleAppFramework\ConsoleAppFramework.csproj", "{1B729CFA-1B94-4447-9F11-0EAE8C5BA293}"
EndProject
Project("{9A19103F-16F7-4668-BE54-9A1E7A4F7556}") = "Escola", "Escola\Escola.csproj", "{4BD577AA-C42F-4EBD-ACE0-78959B132968}"
EndProject
Project("{9A19103F-16F7-4668-BE54-9A1E7A4F7556}") = "EscolaTerminal", "EscolaTerminal\EscolaTerminal.csproj", "{FAA70EAD-5D0E-4553-A4E2-F05A01A4D4E5}"
EndProject
Project("{2150E333-8FDC-42A3-9474-1A3956D46DE8}") = "Modulo5", "Modulo5", "{67431E67-3D37-493B-8295-31259BE467A8}"
EndProject
Project("{9A19103F-16F7-4668-BE54-9A1E7A4F7556}") = "EscolaModulo5", "EscolaModulo5\EscolaModulo5.csproj", "{EB4FB8FC-B06A-4E80-8EC5-C0F2A9958754}"
EndProject
Project("{2150E333-8FDC-42A3-9474-1A3956D46DE8}") = "Modulo6", "Modulo6", "{601C812F-BF2C-4E65-8D73-FF538749CBB5}"
EndProject
Project("{9A19103F-16F7-4668-BE54-9A1E7A4F7556}") = "ConsoleMod6", "ConsoleMod6\ConsoleMod6.csproj", "{8E304A4F-1A5C-4FDF-9BB9-89485C321479}"
EndProject
Project("{2150E333-8FDC-42A3-9474-1A3956D46DE8}") = "Modulo7", "Modulo7", "{8D5A8793-8736-436C-8EED-00BA2B5C9173}"
EndProject
Project("{9A19103F-16F7-4668-BE54-9A1E7A4F7556}") = "Model", "Model\Model.csproj", "{D63807E1-AEE1-4DBB-AC67-463FA70006F2}"
EndProject
Project("{9A19103F-16F7-4668-BE54-9A1E7A4F7556}") = "Service", "Service\Service.csproj", "{917E55CC-007B-4DF4-9AC6-D015DA446EFB}"
EndProject
Project("{9A19103F-16F7-4668-BE54-9A1E7A4F7556}") = "ViewConsole", "ViewConsole\ViewConsole.csproj", "{363096B1-7010-47D8-BD42-B0C4E0D36223}"
EndProject
Project("{2150E333-8FDC-42A3-9474-1A3956D46DE8}") = "Modulo8", "Modulo8", "{AC888CCD-2F44-4D30-B8FA-74F87A189594}"
EndProject
Project("{FAE04EC0-301F-11D3-BF4B-00C04F79EFBC}") = "ApControle.Data", "ApControle.Data\ApControle.Data.csproj", "{C1F608BE-AA87-4660-96D6-0DC441B9B3DF}"
EndProject
Project("{FAE04EC0-301F-11D3-BF4B-00C04F79EFBC}") = "ApControle.Service", "ApControle.Service\ApControle.Service.csproj", "{19B03CF6-772B-490C-8D4F-F2F16D40A0C2}"
EndProject
Project("{FAE04EC0-301F-11D3-BF4B-00C04F79EFBC}") = "ApControle.Web", "ApControle.Web\ApControle.Web.csproj", "{C8D2D67A-4223-4055-8D40-22102D8D849F}"
EndProject
Global
	GlobalSection(SolutionConfigurationPlatforms) = preSolution
		Debug|Any CPU = Debug|Any CPU
		Release|Any CPU = Release|Any CPU
	EndGlobalSection
	GlobalSection(ProjectConfigurationPlatforms) = postSolution
		{8493F3EA-F069-4F3B-BD4F-15EAD4E63299}.Debug|Any CPU.ActiveCfg = Debug|Any CPU
		{8493F3EA-F069-4F3B-BD4F-15EAD4E63299}.Debug|Any CPU.Build.0 = Debug|Any CPU
		{8493F3EA-F069-4F3B-BD4F-15EAD4E63299}.Release|Any CPU.ActiveCfg = Release|Any CPU
		{8493F3EA-F069-4F3B-BD4F-15EAD4E63299}.Release|Any CPU.Build.0 = Release|Any CPU
		{1B729CFA-1B94-4447-9F11-0EAE8C5BA293}.Debug|Any CPU.ActiveCfg = Debug|Any CPU
		{1B729CFA-1B94-4447-9F11-0EAE8C5BA293}.Debug|Any CPU.Build.0 = Debug|Any CPU
		{1B729CFA-1B94-4447-9F11-0EAE8C5BA293}.Release|Any CPU.ActiveCfg = Release|Any CPU
		{1B729CFA-1B94-4447-9F11-0EAE8C5BA293}.Release|Any CPU.Build.0 = Release|Any CPU
		{4BD577AA-C42F-4EBD-ACE0-78959B132968}.Debug|Any CPU.ActiveCfg = Debug|Any CPU
		{4BD577AA-C42F-4EBD-ACE0-78959B132968}.Debug|Any CPU.Build.0 = Debug|Any CPU
		{4BD577AA-C42F-4EBD-ACE0-78959B132968}.Release|Any CPU.ActiveCfg = Release|Any CPU
		{4BD577AA-C42F-4EBD-ACE0-78959B132968}.Release|Any CPU.Build.0 = Release|Any CPU
		{FAA70EAD-5D0E-4553-A4E2-F05A01A4D4E5}.Debug|Any CPU.ActiveCfg = Debug|Any CPU
		{FAA70EAD-5D0E-4553-A4E2-F05A01A4D4E5}.Debug|Any CPU.Build.0 = Debug|Any CPU
		{FAA70EAD-5D0E-4553-A4E2-F05A01A4D4E5}.Release|Any CPU.ActiveCfg = Release|Any CPU
		{FAA70EAD-5D0E-4553-A4E2-F05A01A4D4E5}.Release|Any CPU.Build.0 = Release|Any CPU
		{EB4FB8FC-B06A-4E80-8EC5-C0F2A9958754}.Debug|Any CPU.ActiveCfg = Debug|Any CPU
		{EB4FB8FC-B06A-4E80-8EC5-C0F2A9958754}.Debug|Any CPU.Build.0 = Debug|Any CPU
		{EB4FB8FC-B06A-4E80-8EC5-C0F2A9958754}.Release|Any CPU.ActiveCfg = Release|Any CPU
		{EB4FB8FC-B06A-4E80-8EC5-C0F2A9958754}.Release|Any CPU.Build.0 = Release|Any CPU
		{8E304A4F-1A5C-4FDF-9BB9-89485C321479}.Debug|Any CPU.ActiveCfg = Debug|Any CPU
		{8E304A4F-1A5C-4FDF-9BB9-89485C321479}.Debug|Any CPU.Build.0 = Debug|Any CPU
		{8E304A4F-1A5C-4FDF-9BB9-89485C321479}.Release|Any CPU.ActiveCfg = Release|Any CPU
		{8E304A4F-1A5C-4FDF-9BB9-89485C321479}.Release|Any CPU.Build.0 = Release|Any CPU
		{D63807E1-AEE1-4DBB-AC67-463FA70006F2}.Debug|Any CPU.ActiveCfg = Debug|Any CPU
		{D63807E1-AEE1-4DBB-AC67-463FA70006F2}.Debug|Any CPU.Build.0 = Debug|Any CPU
		{D63807E1-AEE1-4DBB-AC67-463FA70006F2}.Release|Any CPU.ActiveCfg = Release|Any CPU
		{D63807E1-AEE1-4DBB-AC67-463FA70006F2}.Release|Any CPU.Build.0 = Release|Any CPU
		{917E55CC-007B-4DF4-9AC6-D015DA446EFB}.Debug|Any CPU.ActiveCfg = Debug|Any CPU
		{917E55CC-007B-4DF4-9AC6-D015DA446EFB}.Debug|Any CPU.Build.0 = Debug|Any CPU
		{917E55CC-007B-4DF4-9AC6-D015DA446EFB}.Release|Any CPU.ActiveCfg = Release|Any CPU
		{917E55CC-007B-4DF4-9AC6-D015DA446EFB}.Release|Any CPU.Build.0 = Release|Any CPU
		{363096B1-7010-47D8-BD42-B0C4E0D36223}.Debug|Any CPU.ActiveCfg = Debug|Any CPU
		{363096B1-7010-47D8-BD42-B0C4E0D36223}.Debug|Any CPU.Build.0 = Debug|Any CPU
		{363096B1-7010-47D8-BD42-B0C4E0D36223}.Release|Any CPU.ActiveCfg = Release|Any CPU
		{363096B1-7010-47D8-BD42-B0C4E0D36223}.Release|Any CPU.Build.0 = Release|Any CPU
		{C1F608BE-AA87-4660-96D6-0DC441B9B3DF}.Debug|Any CPU.ActiveCfg = Debug|Any CPU
		{C1F608BE-AA87-4660-96D6-0DC441B9B3DF}.Debug|Any CPU.Build.0 = Debug|Any CPU
		{C1F608BE-AA87-4660-96D6-0DC441B9B3DF}.Release|Any CPU.ActiveCfg = Release|Any CPU
		{C1F608BE-AA87-4660-96D6-0DC441B9B3DF}.Release|Any CPU.Build.0 = Release|Any CPU
		{19B03CF6-772B-490C-8D4F-F2F16D40A0C2}.Debug|Any CPU.ActiveCfg = Debug|Any CPU
		{19B03CF6-772B-490C-8D4F-F2F16D40A0C2}.Debug|Any CPU.Build.0 = Debug|Any CPU
		{19B03CF6-772B-490C-8D4F-F2F16D40A0C2}.Release|Any CPU.ActiveCfg = Release|Any CPU
		{19B03CF6-772B-490C-8D4F-F2F16D40A0C2}.Release|Any CPU.Build.0 = Release|Any CPU
		{C8D2D67A-4223-4055-8D40-22102D8D849F}.Debug|Any CPU.ActiveCfg = Debug|Any CPU
		{C8D2D67A-4223-4055-8D40-22102D8D849F}.Debug|Any CPU.Build.0 = Debug|Any CPU
		{C8D2D67A-4223-4055-8D40-22102D8D849F}.Release|Any CPU.ActiveCfg = Release|Any CPU
		{C8D2D67A-4223-4055-8D40-22102D8D849F}.Release|Any CPU.Build.0 = Release|Any CPU
	EndGlobalSection
	GlobalSection(SolutionProperties) = preSolution
		HideSolutionNode = FALSE
	EndGlobalSection
	GlobalSection(NestedProjects) = preSolution
		{EB4FB8FC-B06A-4E80-8EC5-C0F2A9958754} = {67431E67-3D37-493B-8295-31259BE467A8}
		{8E304A4F-1A5C-4FDF-9BB9-89485C321479} = {601C812F-BF2C-4E65-8D73-FF538749CBB5}
		{D63807E1-AEE1-4DBB-AC67-463FA70006F2} = {8D5A8793-8736-436C-8EED-00BA2B5C9173}
		{917E55CC-007B-4DF4-9AC6-D015DA446EFB} = {8D5A8793-8736-436C-8EED-00BA2B5C9173}
		{363096B1-7010-47D8-BD42-B0C4E0D36223} = {8D5A8793-8736-436C-8EED-00BA2B5C9173}
		{C1F608BE-AA87-4660-96D6-0DC441B9B3DF} = {AC888CCD-2F44-4D30-B8FA-74F87A189594}
		{19B03CF6-772B-490C-8D4F-F2F16D40A0C2} = {AC888CCD-2F44-4D30-B8FA-74F87A189594}
		{C8D2D67A-4223-4055-8D40-22102D8D849F} = {AC888CCD-2F44-4D30-B8FA-74F87A189594}
	EndGlobalSection
	GlobalSection(ExtensibilityGlobals) = postSolution
		SolutionGuid = {754CB269-304D-4003-9720-E4DC6E15845C}
	EndGlobalSection
EndGlobal
